Microsoft Visual Studio Solution File, Format Version 12.00
# Visual Studio Version 17
VisualStudioVersion = 17.5.2.0
MinimumVisualStudioVersion = 10.0.40219.1
Project("{FAE04EC0-301F-11D3-BF4B-00C04F79EFBC}") = "keyvault-web", "keyvault-web.csproj", "{1F50F232-3B37-4AF6-85FC-2D806C96D01B}"
EndProject
Global
	GlobalSection(SolutionConfigurationPlatforms) = preSolution
		Debug|Any CPU = Debug|Any CPU
		Release|Any CPU = Release|Any CPU
	EndGlobalSection
	GlobalSection(ProjectConfigurationPlatforms) = postSolution
		{1F50F232-3B37-4AF6-85FC-2D806C96D01B}.Debug|Any CPU.ActiveCfg = Debug|Any CPU
		{1F50F232-3B37-4AF6-85FC-2D806C96D01B}.Debug|Any CPU.Build.0 = Debug|Any CPU
		{1F50F232-3B37-4AF6-85FC-2D806C96D01B}.Release|Any CPU.ActiveCfg = Release|Any CPU
		{1F50F232-3B37-4AF6-85FC-2D806C96D01B}.Release|Any CPU.Build.0 = Release|Any CPU
	EndGlobalSection
	GlobalSection(SolutionProperties) = preSolution
		HideSolutionNode = FALSE
	EndGlobalSection
	GlobalSection(ExtensibilityGlobals) = postSolution
		SolutionGuid = {FA4C2A1F-A34E-4732-96E5-2CF343EE2345}
	EndGlobalSection
EndGlobal
